
Microsoft Visual Studio Solution File, Format Version 12.00
# Visual Studio Version 16
VisualStudioVersion = 16.0.31019.35
MinimumVisualStudioVersion = 10.0.40219.1
Project("{FAE04EC0-301F-11D3-BF4B-00C04F79EFBC}") = "WinCaster", "WinCaster\WinCaster.csproj", "{A6A70E72-3BD4-435C-AABA-F8BC130F6F90}"
EndProject
Global
	GlobalSection(SolutionConfigurationPlatforms) = preSolution
		Debug|Any CPU = Debug|Any CPU
		Release|Any CPU = Release|Any CPU
	EndGlobalSection
	GlobalSection(ProjectConfigurationPlatforms) = postSolution
		{A6A70E72-3BD4-435C-AABA-F8BC130F6F90}.Debug|Any CPU.ActiveCfg = Debug|Any CPU
		{A6A70E72-3BD4-435C-AABA-F8BC130F6F90}.Debug|Any CPU.Build.0 = Debug|Any CPU
		{A6A70E72-3BD4-435C-AABA-F8BC130F6F90}.Release|Any CPU.ActiveCfg = Release|Any CPU
		{A6A70E72-3BD4-435C-AABA-F8BC130F6F90}.Release|Any CPU.Build.0 = Release|Any CPU
	EndGlobalSection
	GlobalSection(SolutionProperties) = preSolution
		HideSolutionNode = FALSE
	EndGlobalSection
	GlobalSection(ExtensibilityGlobals) = postSolution
		SolutionGuid = {93263E99-593A-46C3-B899-39EE5285A7E4}
	EndGlobalSection
EndGlobal
